# This file is autogenerated, do not edit; changes may be undone by the next 'dep ensure'.


[[projects]]
  name = "github.com/DHowett/go-plist"
  packages = ["."]
  revision = "fec78c8d6756fa37981f204f6bf21d909e24fde9"

[[projects]]
  name = "github.com/codegangsta/cli"
  packages = ["."]
  revision = "a14d7d367bc02b1f57d88de97926727f2d936387"
  version = "v1.18.1"

[[projects]]
  branch = "master"
  name = "github.com/gongo/go-airplay"
  packages = ["."]
  revision = "a7a18a459d3a95794feeb42aff837f9ee0dca876"

[[projects]]
  name = "github.com/miekg/dns"
  packages = ["."]
  revision = "db96a2b759cdef4f11a34506a42eb8d1290c598e"

[[projects]]
  branch = "master"
  name = "github.com/pdxgo/whispering-gophers"
  packages = ["util"]
  revision = "b14567825742d2c8a0a7e5a77d1afe4430849e9c"

[solve-meta]
  analyzer-name = "dep"
  analyzer-version = 1
  inputs-digest = "36ab1567e777c825c7910bb957e770ba70f1a432ccadeace257c2cedf611a0e5"
  solver-name = "gps-cdcl"
  solver-version = 1
